// !$*UTF8*$!
{
	archiveVersion = 1;
	classes = {
	};
	objectVersion = 46;
	objects = {

/* Begin PBXBuildFile section */
		787EB51B1F21230C00A2B1BA /* AppDelegate.swift in Sources */ = {isa = PBXBuildFile; fileRef = 787EB51A1F21230C00A2B1BA /* AppDelegate.swift */; };
		787EB51D1F21230C00A2B1BA /* ViewController.swift in Sources */ = {isa = PBXBuildFile; fileRef = 787EB51C1F21230C00A2B1BA /* ViewController.swift */; };
		787EB5201F21230C00A2B1BA /* Main.storyboard in Resources */ = {isa = PBXBuildFile; fileRef = 787EB51E1F21230C00A2B1BA /* Main.storyboard */; };
		787EB5221F21230D00A2B1BA /* Assets.xcassets in Resources */ = {isa = PBXBuildFile; fileRef = 787EB5211F21230D00A2B1BA /* Assets.xcassets */; };
		787EB5251F21230D00A2B1BA /* LaunchScreen.storyboard in Resources */ = {isa = PBXBuildFile; fileRef = 787EB5231F21230D00A2B1BA /* LaunchScreen.storyboard */; };
		787EB5301F21230D00A2B1BA /* TestAccessScoreServiceTests.swift in Sources */ = {isa = PBXBuildFile; fileRef = 787EB52F1F21230D00A2B1BA /* TestAccessScoreServiceTests.swift */; };
		787EB53B1F21230D00A2B1BA /* TestAccessScoreServiceUITests.swift in Sources */ = {isa = PBXBuildFile; fileRef = 787EB53A1F21230D00A2B1BA /* TestAccessScoreServiceUITests.swift */; };
		787EB5491F2129E100A2B1BA /* Score.swift in Sources */ = {isa = PBXBuildFile; fileRef = 787EB5481F2129E100A2B1BA /* Score.swift */; };
		787EB54B1F2135C400A2B1BA /* ScoreClient.swift in Sources */ = {isa = PBXBuildFile; fileRef = 787EB54A1F2135C400A2B1BA /* ScoreClient.swift */; };
		A4EDE3EEA9312053438428A6 /* Pods_TestAccessScoreServiceUITests.framework in Frameworks */ = {isa = PBXBuildFile; fileRef = 152646EBA7EB19779BFE4BEE /* Pods_TestAccessScoreServiceUITests.framework */; };
		B55F78C37697740CF435A742 /* Pods_TestAccessScoreServiceTests.framework in Frameworks */ = {isa = PBXBuildFile; fileRef = CBA61978DD5691E3CEF1EAFA /* Pods_TestAccessScoreServiceTests.framework */; };
		F17F52980F51BA8BEC25B20B /* Pods_TestAccessScoreService.framework in Frameworks */ = {isa = PBXBuildFile; fileRef = 7B89DDAF28B1BFECB01BDF25 /* Pods_TestAccessScoreService.framework */; };
/* End PBXBuildFile section */

/* Begin PBXContainerItemProxy section */
		787EB52C1F21230D00A2B1BA /* PBXContainerItemProxy */ = {
			isa = PBXContainerItemProxy;
			containerPortal = 787EB50F1F21230C00A2B1BA /* Project object */;
			proxyType = 1;
			remoteGlobalIDString = 787EB5161F21230C00A2B1BA;
			remoteInfo = TestAccessScoreService;
		};
		787EB5371F21230D00A2B1BA /* PBXContainerItemProxy */ = {
			isa = PBXContainerItemProxy;
			containerPortal = 787EB50F1F21230C00A2B1BA /* Project object */;
			proxyType = 1;
			remoteGlobalIDString = 787EB5161F21230C00A2B1BA;
			remoteInfo = TestAccessScoreService;
		};
/* End PBXContainerItemProxy section */

/* Begin PBXFileReference section */
		152646EBA7EB19779BFE4BEE /* Pods_TestAccessScoreServiceUITests.framework */ = {isa = PBXFileReference; explicitFileType = wrapper.framework; includeInIndex = 0; path = Pods_TestAccessScoreServiceUITests.framework; sourceTree = BUILT_PRODUCTS_DIR; };
		3A01EDEDACFA7E97DDA06EDE /* Pods-TestAccessScoreService.release.xcconfig */ = {isa = PBXFileReference; includeInIndex = 1; lastKnownFileType = text.xcconfig; name = "Pods-TestAccessScoreService.release.xcconfig"; path = "Pods/Target Support Files/Pods-TestAccessScoreService/Pods-TestAccessScoreService.release.xcconfig"; sourceTree = "<group>"; };
		3B82E882FA1286A30A2ACAFA /* Pods-TestAccessScoreServiceUITests.release.xcconfig */ = {isa = PBXFileReference; includeInIndex = 1; lastKnownFileType = text.xcconfig; name = "Pods-TestAccessScoreServiceUITests.release.xcconfig"; path = "Pods/Target Support Files/Pods-TestAccessScoreServiceUITests/Pods-TestAccessScoreServiceUITests.release.xcconfig"; sourceTree = "<group>"; };
		3F4AD7A9876E9BF6E59339F5 /* Pods-TestAccessScoreServiceTests.debug.xcconfig */ = {isa = PBXFileReference; includeInIndex = 1; lastKnownFileType = text.xcconfig; name = "Pods-TestAccessScoreServiceTests.debug.xcconfig"; path = "Pods/Target Support Files/Pods-TestAccessScoreServiceTests/Pods-TestAccessScoreServiceTests.debug.xcconfig"; sourceTree = "<group>"; };
		4730EA83A8628ECA1A2B76E7 /* Pods-TestAccessScoreServiceUITests.debug.xcconfig */ = {isa = PBXFileReference; includeInIndex = 1; lastKnownFileType = text.xcconfig; name = "Pods-TestAccessScoreServiceUITests.debug.xcconfig"; path = "Pods/Target Support Files/Pods-TestAccessScoreServiceUITests/Pods-TestAccessScoreServiceUITests.debug.xcconfig"; sourceTree = "<group>"; };
		5AE1192A277B5C127D956EF6 /* Pods-TestAccessScoreServiceTests.release.xcconfig */ = {isa = PBXFileReference; includeInIndex = 1; lastKnownFileType = text.xcconfig; name = "Pods-TestAccessScoreServiceTests.release.xcconfig"; path = "Pods/Target Support Files/Pods-TestAccessScoreServiceTests/Pods-TestAccessScoreServiceTests.release.xcconfig"; sourceTree = "<group>"; };
		787EB5171F21230C00A2B1BA /* TestAccessScoreService.app */ = {isa = PBXFileReference; explicitFileType = wrapper.application; includeInIndex = 0; path = TestAccessScoreService.app; sourceTree = BUILT_PRODUCTS_DIR; };
		787EB51A1F21230C00A2B1BA /* AppDelegate.swift */ = {isa = PBXFileReference; lastKnownFileType = sourcecode.swift; path = AppDelegate.swift; sourceTree = "<group>"; };
		787EB51C1F21230C00A2B1BA /* ViewController.swift */ = {isa = PBXFileReference; lastKnownFileType = sourcecode.swift; path = ViewController.swift; sourceTree = "<group>"; };
		787EB51F1F21230C00A2B1BA /* Base */ = {isa = PBXFileReference; lastKnownFileType = file.storyboard; name = Base; path = Base.lproj/Main.storyboard; sourceTree = "<group>"; };
		787EB5211F21230D00A2B1BA /* Assets.xcassets */ = {isa = PBXFileReference; lastKnownFileType = folder.assetcatalog; path = Assets.xcassets; sourceTree = "<group>"; };
		787EB5241F21230D00A2B1BA /* Base */ = {isa = PBXFileReference; lastKnownFileType = file.storyboard; name = Base; path = Base.lproj/LaunchScreen.storyboard; sourceTree = "<group>"; };
		787EB5261F21230D00A2B1BA /* Info.plist */ = {isa = PBXFileReference; lastKnownFileType = text.plist.xml; path = Info.plist; sourceTree = "<group>"; };
		787EB52B1F21230D00A2B1BA /* TestAccessScoreServiceTests.xctest */ = {isa = PBXFileReference; explicitFileType = wrapper.cfbundle; includeInIndex = 0; path = TestAccessScoreServiceTests.xctest; sourceTree = BUILT_PRODUCTS_DIR; };
		787EB52F1F21230D00A2B1BA /* TestAccessScoreServiceTests.swift */ = {isa = PBXFileReference; lastKnownFileType = sourcecode.swift; path = TestAccessScoreServiceTests.swift; sourceTree = "<group>"; };
		787EB5311F21230D00A2B1BA /* Info.plist */ = {isa = PBXFileReference; lastKnownFileType = text.plist.xml; path = Info.plist; sourceTree = "<group>"; };
		787EB5361F21230D00A2B1BA /* TestAccessScoreServiceUITests.xctest */ = {isa = PBXFileReference; explicitFileType = wrapper.cfbundle; includeInIndex = 0; path = TestAccessScoreServiceUITests.xctest; sourceTree = BUILT_PRODUCTS_DIR; };
		787EB53A1F21230D00A2B1BA /* TestAccessScoreServiceUITests.swift */ = {isa = PBXFileReference; lastKnownFileType = sourcecode.swift; path = TestAccessScoreServiceUITests.swift; sourceTree = "<group>"; };
		787EB53C1F21230D00A2B1BA /* Info.plist */ = {isa = PBXFileReference; lastKnownFileType = text.plist.xml; path = Info.plist; sourceTree = "<group>"; };
		787EB5481F2129E100A2B1BA /* Score.swift */ = {isa = PBXFileReference; fileEncoding = 4; lastKnownFileType = sourcecode.swift; path = Score.swift; sourceTree = "<group>"; };
		787EB54A1F2135C400A2B1BA /* ScoreClient.swift */ = {isa = PBXFileReference; fileEncoding = 4; lastKnownFileType = sourcecode.swift; path = ScoreClient.swift; sourceTree = "<group>"; };
		7B89DDAF28B1BFECB01BDF25 /* Pods_TestAccessScoreService.framework */ = {isa = PBXFileReference; explicitFileType = wrapper.framework; includeInIndex = 0; path = Pods_TestAccessScoreService.framework; sourceTree = BUILT_PRODUCTS_DIR; };
		CBA61978DD5691E3CEF1EAFA /* Pods_TestAccessScoreServiceTests.framework */ = {isa = PBXFileReference; explicitFileType = wrapper.framework; includeInIndex = 0; path = Pods_TestAccessScoreServiceTests.framework; sourceTree = BUILT_PRODUCTS_DIR; };
		E3BF9CDF1A92B23E9F163BFE /* Pods-TestAccessScoreService.debug.xcconfig */ = {isa = PBXFileReference; includeInIndex = 1; lastKnownFileType = text.xcconfig; name = "Pods-TestAccessScoreService.debug.xcconfig"; path = "Pods/Target Support Files/Pods-TestAccessScoreService/Pods-TestAccessScoreService.debug.xcconfig"; sourceTree = "<group>"; };
/* End PBXFileReference section */

/* Begin PBXFrameworksBuildPhase section */
		787EB5141F21230C00A2B1BA /* Frameworks */ = {
			isa = PBXFrameworksBuildPhase;
			buildActionMask = 2147483647;
			files = (
				F17F52980F51BA8BEC25B20B /* Pods_TestAccessScoreService.framework in Frameworks */,
			);
			runOnlyForDeploymentPostprocessing = 0;
		};
		787EB5281F21230D00A2B1BA /* Frameworks */ = {
			isa = PBXFrameworksBuildPhase;
			buildActionMask = 2147483647;
			files = (
				B55F78C37697740CF435A742 /* Pods_TestAccessScoreServiceTests.framework in Frameworks */,
			);
			runOnlyForDeploymentPostprocessing = 0;
		};
		787EB5331F21230D00A2B1BA /* Frameworks */ = {
			isa = PBXFrameworksBuildPhase;
			buildActionMask = 2147483647;
			files = (
				A4EDE3EEA9312053438428A6 /* Pods_TestAccessScoreServiceUITests.framework in Frameworks */,
			);
			runOnlyForDeploymentPostprocessing = 0;
		};
/* End PBXFrameworksBuildPhase section */

/* Begin PBXGroup section */
		097FF1086EE5CD4FD84E78B0 /* Pods */ = {
			isa = PBXGroup;
			children = (
				E3BF9CDF1A92B23E9F163BFE /* Pods-TestAccessScoreService.debug.xcconfig */,
				3A01EDEDACFA7E97DDA06EDE /* Pods-TestAccessScoreService.release.xcconfig */,
				3F4AD7A9876E9BF6E59339F5 /* Pods-TestAccessScoreServiceTests.debug.xcconfig */,
				5AE1192A277B5C127D956EF6 /* Pods-TestAccessScoreServiceTests.release.xcconfig */,
				4730EA83A8628ECA1A2B76E7 /* Pods-TestAccessScoreServiceUITests.debug.xcconfig */,
				3B82E882FA1286A30A2ACAFA /* Pods-TestAccessScoreServiceUITests.release.xcconfig */,
			);
			name = Pods;
			sourceTree = "<group>";
		};
		787EB50E1F21230C00A2B1BA = {
			isa = PBXGroup;
			children = (
				787EB5191F21230C00A2B1BA /* TestAccessScoreService */,
				787EB52E1F21230D00A2B1BA /* TestAccessScoreServiceTests */,
				787EB5391F21230D00A2B1BA /* TestAccessScoreServiceUITests */,
				787EB5181F21230C00A2B1BA /* Products */,
				097FF1086EE5CD4FD84E78B0 /* Pods */,
				C99149CD586C429836376E91 /* Frameworks */,
			);
			sourceTree = "<group>";
		};
		787EB5181F21230C00A2B1BA /* Products */ = {
			isa = PBXGroup;
			children = (
				787EB5171F21230C00A2B1BA /* TestAccessScoreService.app */,
				787EB52B1F21230D00A2B1BA /* TestAccessScoreServiceTests.xctest */,
				787EB5361F21230D00A2B1BA /* TestAccessScoreServiceUITests.xctest */,
			);
			name = Products;
			sourceTree = "<group>";
		};
		787EB5191F21230C00A2B1BA /* TestAccessScoreService */ = {
			isa = PBXGroup;
			children = (
				787EB51A1F21230C00A2B1BA /* AppDelegate.swift */,
				787EB51C1F21230C00A2B1BA /* ViewController.swift */,
				787EB54A1F2135C400A2B1BA /* ScoreClient.swift */,
				787EB51E1F21230C00A2B1BA /* Main.storyboard */,
				787EB5481F2129E100A2B1BA /* Score.swift */,
				787EB5211F21230D00A2B1BA /* Assets.xcassets */,
				787EB5231F21230D00A2B1BA /* LaunchScreen.storyboard */,
				787EB5261F21230D00A2B1BA /* Info.plist */,
			);
			path = TestAccessScoreService;
			sourceTree = "<group>";
		};
		787EB52E1F21230D00A2B1BA /* TestAccessScoreServiceTests */ = {
			isa = PBXGroup;
			children = (
				787EB52F1F21230D00A2B1BA /* TestAccessScoreServiceTests.swift */,
				787EB5311F21230D00A2B1BA /* Info.plist */,
			);
			path = TestAccessScoreServiceTests;
			sourceTree = "<group>";
		};
		787EB5391F21230D00A2B1BA /* TestAccessScoreServiceUITests */ = {
			isa = PBXGroup;
			children = (
				787EB53A1F21230D00A2B1BA /* TestAccessScoreServiceUITests.swift */,
				787EB53C1F21230D00A2B1BA /* Info.plist */,
			);
			path = TestAccessScoreServiceUITests;
			sourceTree = "<group>";
		};
		C99149CD586C429836376E91 /* Frameworks */ = {
			isa = PBXGroup;
			children = (
				7B89DDAF28B1BFECB01BDF25 /* Pods_TestAccessScoreService.framework */,
				CBA61978DD5691E3CEF1EAFA /* Pods_TestAccessScoreServiceTests.framework */,
				152646EBA7EB19779BFE4BEE /* Pods_TestAccessScoreServiceUITests.framework */,
			);
			name = Frameworks;
			sourceTree = "<group>";
		};
/* End PBXGroup section */

/* Begin PBXNativeTarget section */
		787EB5161F21230C00A2B1BA /* TestAccessScoreService */ = {
			isa = PBXNativeTarget;
			buildConfigurationList = 787EB53F1F21230D00A2B1BA /* Build configuration list for PBXNativeTarget "TestAccessScoreService" */;
			buildPhases = (
				DE9296280C12BA5EAE30107A /* [CP] Check Pods Manifest.lock */,
				787EB5131F21230C00A2B1BA /* Sources */,
				787EB5141F21230C00A2B1BA /* Frameworks */,
				787EB5151F21230C00A2B1BA /* Resources */,
				F914A3804A67235090A88681 /* [CP] Embed Pods Frameworks */,
				781AD0644CD57146CB4FB695 /* [CP] Copy Pods Resources */,
			);
			buildRules = (
			);
			dependencies = (
			);
			name = TestAccessScoreService;
			productName = TestAccessScoreService;
			productReference = 787EB5171F21230C00A2B1BA /* TestAccessScoreService.app */;
			productType = "com.apple.product-type.application";
		};
		787EB52A1F21230D00A2B1BA /* TestAccessScoreServiceTests */ = {
			isa = PBXNativeTarget;
			buildConfigurationList = 787EB5421F21230D00A2B1BA /* Build configuration list for PBXNativeTarget "TestAccessScoreServiceTests" */;
			buildPhases = (
				DBF2372CBAC91160BC0F482D /* [CP] Check Pods Manifest.lock */,
				787EB5271F21230D00A2B1BA /* Sources */,
				787EB5281F21230D00A2B1BA /* Frameworks */,
				787EB5291F21230D00A2B1BA /* Resources */,
				A46FCC3313978601C6FBFB4F /* [CP] Embed Pods Frameworks */,
				3369096455052548E3D79266 /* [CP] Copy Pods Resources */,
			);
			buildRules = (
			);
			dependencies = (
				787EB52D1F21230D00A2B1BA /* PBXTargetDependency */,
			);
			name = TestAccessScoreServiceTests;
			productName = TestAccessScoreServiceTests;
			productReference = 787EB52B1F21230D00A2B1BA /* TestAccessScoreServiceTests.xctest */;
			productType = "com.apple.product-type.bundle.unit-test";
		};
		787EB5351F21230D00A2B1BA /* TestAccessScoreServiceUITests */ = {
			isa = PBXNativeTarget;
			buildConfigurationList = 787EB5451F21230D00A2B1BA /* Build configuration list for PBXNativeTarget "TestAccessScoreServiceUITests" */;
			buildPhases = (
				BB5993443F7176EC5E715B4E /* [CP] Check Pods Manifest.lock */,
				787EB5321F21230D00A2B1BA /* Sources */,
				787EB5331F21230D00A2B1BA /* Frameworks */,
				787EB5341F21230D00A2B1BA /* Resources */,
				7E512317580B6935A427A211 /* [CP] Embed Pods Frameworks */,
				1CD6A4BA06EF53E5957061E4 /* [CP] Copy Pods Resources */,
			);
			buildRules = (
			);
			dependencies = (
				787EB5381F21230D00A2B1BA /* PBXTargetDependency */,
			);
			name = TestAccessScoreServiceUITests;
			productName = TestAccessScoreServiceUITests;
			productReference = 787EB5361F21230D00A2B1BA /* TestAccessScoreServiceUITests.xctest */;
			productType = "com.apple.product-type.bundle.ui-testing";
		};
/* End PBXNativeTarget section */

/* Begin PBXProject section */
		787EB50F1F21230C00A2B1BA /* Project object */ = {
			isa = PBXProject;
			attributes = {
				LastSwiftUpdateCheck = 0820;
				LastUpgradeCheck = 0820;
				ORGANIZATIONNAME = "Tom Patterson";
				TargetAttributes = {
					787EB5161F21230C00A2B1BA = {
						CreatedOnToolsVersion = 8.2.1;
						ProvisioningStyle = Automatic;
					};
					787EB52A1F21230D00A2B1BA = {
						CreatedOnToolsVersion = 8.2.1;
						ProvisioningStyle = Automatic;
						TestTargetID = 787EB5161F21230C00A2B1BA;
					};
					787EB5351F21230D00A2B1BA = {
						CreatedOnToolsVersion = 8.2.1;
						ProvisioningStyle = Automatic;
						TestTargetID = 787EB5161F21230C00A2B1BA;
					};
				};
			};
			buildConfigurationList = 787EB5121F21230C00A2B1BA /* Build configuration list for PBXProject "TestAccessScoreService" */;
			compatibilityVersion = "Xcode 3.2";
			developmentRegion = English;
			hasScannedForEncodings = 0;
			knownRegions = (
				en,
				Base,
			);
			mainGroup = 787EB50E1F21230C00A2B1BA;
			productRefGroup = 787EB5181F21230C00A2B1BA /* Products */;
			projectDirPath = "";
			projectRoot = "";
			targets = (
				787EB5161F21230C00A2B1BA /* TestAccessScoreService */,
				787EB52A1F21230D00A2B1BA /* TestAccessScoreServiceTests */,
				787EB5351F21230D00A2B1BA /* TestAccessScoreServiceUITests */,
			);
		};
/* End PBXProject section */

/* Begin PBXResourcesBuildPhase section */
		787EB5151F21230C00A2B1BA /* Resources */ = {
			isa = PBXResourcesBuildPhase;
			buildActionMask = 2147483647;
			files = (
				787EB5251F21230D00A2B1BA /* LaunchScreen.storyboard in Resources */,
				787EB5221F21230D00A2B1BA /* Assets.xcassets in Resources */,
				787EB5201F21230C00A2B1BA /* Main.storyboard in Resources */,
			);
			runOnlyForDeploymentPostprocessing = 0;
		};
		787EB5291F21230D00A2B1BA /* Resources */ = {
			isa = PBXResourcesBuildPhase;
			buildActionMask = 2147483647;
			files = (
			);
			runOnlyForDeploymentPostprocessing = 0;
		};
		787EB5341F21230D00A2B1BA /* Resources */ = {
			isa = PBXResourcesBuildPhase;
			buildActionMask = 2147483647;
			files = (
			);
			runOnlyForDeploymentPostprocessing = 0;
		};
/* End PBXResourcesBuildPhase section */

/* Begin PBXShellScriptBuildPhase section */
		1CD6A4BA06EF53E5957061E4 /* [CP] Copy Pods Resources */ = {
			isa = PBXShellScriptBuildPhase;
			buildActionMask = 2147483647;
			files = (
			);
			inputPaths = (
			);
			name = "[CP] Copy Pods Resources";
			outputPaths = (
			);
			runOnlyForDeploymentPostprocessing = 0;
			shellPath = /bin/sh;
			shellScript = "\"${SRCROOT}/Pods/Target Support Files/Pods-TestAccessScoreServiceUITests/Pods-TestAccessScoreServiceUITests-resources.sh\"\n";
			showEnvVarsInLog = 0;
		};
		3369096455052548E3D79266 /* [CP] Copy Pods Resources */ = {
			isa = PBXShellScriptBuildPhase;
			buildActionMask = 2147483647;
			files = (
			);
			inputPaths = (
			);
			name = "[CP] Copy Pods Resources";
			outputPaths = (
			);
			runOnlyForDeploymentPostprocessing = 0;
			shellPath = /bin/sh;
			shellScript = "\"${SRCROOT}/Pods/Target Support Files/Pods-TestAccessScoreServiceTests/Pods-TestAccessScoreServiceTests-resources.sh\"\n";
			showEnvVarsInLog = 0;
		};
		781AD0644CD57146CB4FB695 /* [CP] Copy Pods Resources */ = {
			isa = PBXShellScriptBuildPhase;
			buildActionMask = 2147483647;
			files = (
			);
			inputPaths = (
			);
			name = "[CP] Copy Pods Resources";
			outputPaths = (
			);
			runOnlyForDeploymentPostprocessing = 0;
			shellPath = /bin/sh;
			shellScript = "\"${SRCROOT}/Pods/Target Support Files/Pods-TestAccessScoreService/Pods-TestAccessScoreService-resources.sh\"\n";
			showEnvVarsInLog = 0;
		};
		7E512317580B6935A427A211 /* [CP] Embed Pods Frameworks */ = {
			isa = PBXShellScriptBuildPhase;
			buildActionMask = 2147483647;
			files = (
			);
			inputPaths = (
			);
			name = "[CP] Embed Pods Frameworks";
			outputPaths = (
			);
			runOnlyForDeploymentPostprocessing = 0;
			shellPath = /bin/sh;
			shellScript = "\"${SRCROOT}/Pods/Target Support Files/Pods-TestAccessScoreServiceUITests/Pods-TestAccessScoreServiceUITests-frameworks.sh\"\n";
			showEnvVarsInLog = 0;
		};
		A46FCC3313978601C6FBFB4F /* [CP] Embed Pods Frameworks */ = {
			isa = PBXShellScriptBuildPhase;
			buildActionMask = 2147483647;
			files = (
			);
			inputPaths = (
			);
			name = "[CP] Embed Pods Frameworks";
			outputPaths = (
			);
			runOnlyForDeploymentPostprocessing = 0;
			shellPath = /bin/sh;
			shellScript = "\"${SRCROOT}/Pods/Target Support Files/Pods-TestAccessScoreServiceTests/Pods-TestAccessScoreServiceTests-frameworks.sh\"\n";
			showEnvVarsInLog = 0;
		};
		BB5993443F7176EC5E715B4E /* [CP] Check Pods Manifest.lock */ = {
			isa = PBXShellScriptBuildPhase;
			buildActionMask = 2147483647;
			files = (
			);
			inputPaths = (
			);
			name = "[CP] Check Pods Manifest.lock";
			outputPaths = (
			);
			runOnlyForDeploymentPostprocessing = 0;
			shellPath = /bin/sh;
			shellScript = "diff \"${PODS_PODFILE_DIR_PATH}/Podfile.lock\" \"${PODS_ROOT}/Manifest.lock\" > /dev/null\nif [ $? != 0 ] ; then\n    # print error to STDERR\n    echo \"error: The sandbox is not in sync with the Podfile.lock. Run 'pod install' or update your CocoaPods installation.\" >&2\n    exit 1\nfi\n";
			showEnvVarsInLog = 0;
		};
		DBF2372CBAC91160BC0F482D /* [CP] Check Pods Manifest.lock */ = {
			isa = PBXShellScriptBuildPhase;
			buildActionMask = 2147483647;
			files = (
			);
			inputPaths = (
			);
			name = "[CP] Check Pods Manifest.lock";
			outputPaths = (
			);
			runOnlyForDeploymentPostprocessing = 0;
			shellPath = /bin/sh;
			shellScript = "diff \"${PODS_PODFILE_DIR_PATH}/Podfile.lock\" \"${PODS_ROOT}/Manifest.lock\" > /dev/null\nif [ $? != 0 ] ; then\n    # print error to STDERR\n    echo \"error: The sandbox is not in sync with the Podfile.lock. Run 'pod install' or update your CocoaPods installation.\" >&2\n    exit 1\nfi\n";
			showEnvVarsInLog = 0;
		};
		DE9296280C12BA5EAE30107A /* [CP] Check Pods Manifest.lock */ = {
			isa = PBXShellScriptBuildPhase;
			buildActionMask = 2147483647;
			files = (
			);
			inputPaths = (
			);
			name = "[CP] Check Pods Manifest.lock";
			outputPaths = (
			);
			runOnlyForDeploymentPostprocessing = 0;
			shellPath = /bin/sh;
			shellScript = "diff \"${PODS_PODFILE_DIR_PATH}/Podfile.lock\" \"${PODS_ROOT}/Manifest.lock\" > /dev/null\nif [ $? != 0 ] ; then\n    # print error to STDERR\n    echo \"error: The sandbox is not in sync with the Podfile.lock. Run 'pod install' or update your CocoaPods installation.\" >&2\n    exit 1\nfi\n";
			showEnvVarsInLog = 0;
		};
		F914A3804A67235090A88681 /* [CP] Embed Pods Frameworks */ = {
			isa = PBXShellScriptBuildPhase;
			buildActionMask = 2147483647;
			files = (
			);
			inputPaths = (
			);
			name = "[CP] Embed Pods Frameworks";
			outputPaths = (
			);
			runOnlyForDeploymentPostprocessing = 0;
			shellPath = /bin/sh;
			shellScript = "\"${SRCROOT}/Pods/Target Support Files/Pods-TestAccessScoreService/Pods-TestAccessScoreService-frameworks.sh\"\n";
			showEnvVarsInLog = 0;
		};
/* End PBXShellScriptBuildPhase section */

/* Begin PBXSourcesBuildPhase section */
		787EB5131F21230C00A2B1BA /* Sources */ = {
			isa = PBXSourcesBuildPhase;
			buildActionMask = 2147483647;
			files = (
				787EB51D1F21230C00A2B1BA /* ViewController.swift in Sources */,
				787EB5491F2129E100A2B1BA /* Score.swift in Sources */,
				787EB51B1F21230C00A2B1BA /* AppDelegate.swift in Sources */,
				787EB54B1F2135C400A2B1BA /* ScoreClient.swift in Sources */,
			);
			runOnlyForDeploymentPostprocessing = 0;
		};
		787EB5271F21230D00A2B1BA /* Sources */ = {
			isa = PBXSourcesBuildPhase;
			buildActionMask = 2147483647;
			files = (
				787EB5301F21230D00A2B1BA /* TestAccessScoreServiceTests.swift in Sources */,
			);
			runOnlyForDeploymentPostprocessing = 0;
		};
		787EB5321F21230D00A2B1BA /* Sources */ = {
			isa = PBXSourcesBuildPhase;
			buildActionMask = 2147483647;
			files = (
				787EB53B1F21230D00A2B1BA /* TestAccessScoreServiceUITests.swift in Sources */,
			);
			runOnlyForDeploymentPostprocessing = 0;
		};
/* End PBXSourcesBuildPhase section */

/* Begin PBXTargetDependency section */
		787EB52D1F21230D00A2B1BA /* PBXTargetDependency */ = {
			isa = PBXTargetDependency;
			target = 787EB5161F21230C00A2B1BA /* TestAccessScoreService */;
			targetProxy = 787EB52C1F21230D00A2B1BA /* PBXContainerItemProxy */;
		};
		787EB5381F21230D00A2B1BA /* PBXTargetDependency */ = {
			isa = PBXTargetDependency;
			target = 787EB5161F21230C00A2B1BA /* TestAccessScoreService */;
			targetProxy = 787EB5371F21230D00A2B1BA /* PBXContainerItemProxy */;
		};
/* End PBXTargetDependency section */

/* Begin PBXVariantGroup section */
		787EB51E1F21230C00A2B1BA /* Main.storyboard */ = {
			isa = PBXVariantGroup;
			children = (
				787EB51F1F21230C00A2B1BA /* Base */,
			);
			name = Main.storyboard;
			sourceTree = "<group>";
		};
		787EB5231F21230D00A2B1BA /* LaunchScreen.storyboard */ = {
			isa = PBXVariantGroup;
			children = (
				787EB5241F21230D00A2B1BA /* Base */,
			);
			name = LaunchScreen.storyboard;
			sourceTree = "<group>";
		};
/* End PBXVariantGroup section */

/* Begin XCBuildConfiguration section */
		787EB53D1F21230D00A2B1BA /* Debug */ = {
			isa = XCBuildConfiguration;
			buildSettings = {
				ALWAYS_SEARCH_USER_PATHS = NO;
				CLANG_ANALYZER_NONNULL = YES;
				CLANG_CXX_LANGUAGE_STANDARD = "gnu++0x";
				CLANG_CXX_LIBRARY = "libc++";
				CLANG_ENABLE_MODULES = YES;
				CLANG_ENABLE_OBJC_ARC = YES;
				CLANG_WARN_BOOL_CONVERSION = YES;
				CLANG_WARN_CONSTANT_CONVERSION = YES;
				CLANG_WARN_DIRECT_OBJC_ISA_USAGE = YES_ERROR;
				CLANG_WARN_DOCUMENTATION_COMMENTS = YES;
				CLANG_WARN_EMPTY_BODY = YES;
				CLANG_WARN_ENUM_CONVERSION = YES;
				CLANG_WARN_INFINITE_RECURSION = YES;
				CLANG_WARN_INT_CONVERSION = YES;
				CLANG_WARN_OBJC_ROOT_CLASS = YES_ERROR;
				CLANG_WARN_SUSPICIOUS_MOVE = YES;
				CLANG_WARN_UNREACHABLE_CODE = YES;
				CLANG_WARN__DUPLICATE_METHOD_MATCH = YES;
				"CODE_SIGN_IDENTITY[sdk=iphoneos*]" = "iPhone Developer";
				COPY_PHASE_STRIP = NO;
				DEBUG_INFORMATION_FORMAT = dwarf;
				ENABLE_STRICT_OBJC_MSGSEND = YES;
				ENABLE_TESTABILITY = YES;
				GCC_C_LANGUAGE_STANDARD = gnu99;
				GCC_DYNAMIC_NO_PIC = NO;
				GCC_NO_COMMON_BLOCKS = YES;
				GCC_OPTIMIZATION_LEVEL = 0;
				GCC_PREPROCESSOR_DEFINITIONS = (
					"DEBUG=1",
					"$(inherited)",
				);
				GCC_WARN_64_TO_32_BIT_CONVERSION = YES;
				GCC_WARN_ABOUT_RETURN_TYPE = YES_ERROR;
				GCC_WARN_UNDECLARED_SELECTOR = YES;
				GCC_WARN_UNINITIALIZED_AUTOS = YES_AGGRESSIVE;
				GCC_WARN_UNUSED_FUNCTION = YES;
				GCC_WARN_UNUSED_VARIABLE = YES;
				IPHONEOS_DEPLOYMENT_TARGET = 10.2;
				MTL_ENABLE_DEBUG_INFO = YES;
				ONLY_ACTIVE_ARCH = YES;
				SDKROOT = iphoneos;
				SWIFT_ACTIVE_COMPILATION_CONDITIONS = DEBUG;
				SWIFT_OPTIMIZATION_LEVEL = "-Onone";
				TARGETED_DEVICE_FAMILY = "1,2";
			};
			name = Debug;
		};
		787EB53E1F21230D00A2B1BA /* Release */ = {
			isa = XCBuildConfiguration;
			buildSettings = {
				ALWAYS_SEARCH_USER_PATHS = NO;
				CLANG_ANALYZER_NONNULL = YES;
				CLANG_CXX_LANGUAGE_STANDARD = "gnu++0x";
				CLANG_CXX_LIBRARY = "libc++";
				CLANG_ENABLE_MODULES = YES;
				CLANG_ENABLE_OBJC_ARC = YES;
				CLANG_WARN_BOOL_CONVERSION = YES;
				CLANG_WARN_CONSTANT_CONVERSION = YES;
				CLANG_WARN_DIRECT_OBJC_ISA_USAGE = YES_ERROR;
				CLANG_WARN_DOCUMENTATION_COMMENTS = YES;
				CLANG_WARN_EMPTY_BODY = YES;
				CLANG_WARN_ENUM_CONVERSION = YES;
				CLANG_WARN_INFINITE_RECURSION = YES;
				CLANG_WARN_INT_CONVERSION = YES;
				CLANG_WARN_OBJC_ROOT_CLASS = YES_ERROR;
				CLANG_WARN_SUSPICIOUS_MOVE = YES;
				CLANG_WARN_UNREACHABLE_CODE = YES;
				CLANG_WARN__DUPLICATE_METHOD_MATCH = YES;
				"CODE_SIGN_IDENTITY[sdk=iphoneos*]" = "iPhone Developer";
				COPY_PHASE_STRIP = NO;
				DEBUG_INFORMATION_FORMAT = "dwarf-with-dsym";
				ENABLE_NS_ASSERTIONS = NO;
				ENABLE_STRICT_OBJC_MSGSEND = YES;
				GCC_C_LANGUAGE_STANDARD = gnu99;
				GCC_NO_COMMON_BLOCKS = YES;
				GCC_WARN_64_TO_32_BIT_CONVERSION = YES;
				GCC_WARN_ABOUT_RETURN_TYPE = YES_ERROR;
				GCC_WARN_UNDECLARED_SELECTOR = YES;
				GCC_WARN_UNINITIALIZED_AUTOS = YES_AGGRESSIVE;
				GCC_WARN_UNUSED_FUNCTION = YES;
				GCC_WARN_UNUSED_VARIABLE = YES;
				IPHONEOS_DEPLOYMENT_TARGET = 10.2;
				MTL_ENABLE_DEBUG_INFO = NO;
				SDKROOT = iphoneos;
				SWIFT_OPTIMIZATION_LEVEL = "-Owholemodule";
				TARGETED_DEVICE_FAMILY = "1,2";
				VALIDATE_PRODUCT = YES;
			};
			name = Release;
		};
		787EB5401F21230D00A2B1BA /* Debug */ = {
			isa = XCBuildConfiguration;
			baseConfigurationReference = E3BF9CDF1A92B23E9F163BFE /* Pods-TestAccessScoreService.debug.xcconfig */;
			buildSettings = {
				ASSETCATALOG_COMPILER_APPICON_NAME = AppIcon;
				INFOPLIST_FILE = TestAccessScoreService/Info.plist;
				LD_RUNPATH_SEARCH_PATHS = "$(inherited) @executable_path/Frameworks";
				PRODUCT_BUNDLE_IDENTIFIER = com.rainsoft.TestAccessScoreService;
				PRODUCT_NAME = "$(TARGET_NAME)";
				SWIFT_VERSION = 3.0;
			};
			name = Debug;
		};
		787EB5411F21230D00A2B1BA /* Release */ = {
			isa = XCBuildConfiguration;
			baseConfigurationReference = 3A01EDEDACFA7E97DDA06EDE /* Pods-TestAccessScoreService.release.xcconfig */;
			buildSettings = {
				ASSETCATALOG_COMPILER_APPICON_NAME = AppIcon;
				INFOPLIST_FILE = TestAccessScoreService/Info.plist;
				LD_RUNPATH_SEARCH_PATHS = "$(inherited) @executable_path/Frameworks";
				PRODUCT_BUNDLE_IDENTIFIER = com.rainsoft.TestAccessScoreService;
				PRODUCT_NAME = "$(TARGET_NAME)";
				SWIFT_VERSION = 3.0;
			};
			name = Release;
		};
		787EB5431F21230D00A2B1BA /* Debug */ = {
			isa = XCBuildConfiguration;
			baseConfigurationReference = 3F4AD7A9876E9BF6E59339F5 /* Pods-TestAccessScoreServiceTests.debug.xcconfig */;
			buildSettings = {
				ALWAYS_EMBED_SWIFT_STANDARD_LIBRARIES = YES;
				BUNDLE_LOADER = "$(TEST_HOST)";
				INFOPLIST_FILE = TestAccessScoreServiceTests/Info.plist;
				LD_RUNPATH_SEARCH_PATHS = "$(inherited) @executable_path/Frameworks @loader_path/Frameworks";
				PRODUCT_BUNDLE_IDENTIFIER = com.rainsoft.TestAccessScoreServiceTests;
				PRODUCT_NAME = "$(TARGET_NAME)";
				SWIFT_VERSION = 3.0;
				TEST_HOST = "$(BUILT_PRODUCTS_DIR)/TestAccessScoreService.app/TestAccessScoreService";
			};
			name = Debug;
		};
		787EB5441F21230D00A2B1BA /* Release */ = {
			isa = XCBuildConfiguration;
			baseConfigurationReference = 5AE1192A277B5C127D956EF6 /* Pods-TestAccessScoreServiceTests.release.xcconfig */;
			buildSettings = {
				ALWAYS_EMBED_SWIFT_STANDARD_LIBRARIES = YES;
				BUNDLE_LOADER = "$(TEST_HOST)";
				INFOPLIST_FILE = TestAccessScoreServiceTests/Info.plist;
				LD_RUNPATH_SEARCH_PATHS = "$(inherited) @executable_path/Frameworks @loader_path/Frameworks";
				PRODUCT_BUNDLE_IDENTIFIER = com.rainsoft.TestAccessScoreServiceTests;
				PRODUCT_NAME = "$(TARGET_NAME)";
				SWIFT_VERSION = 3.0;
				TEST_HOST = "$(BUILT_PRODUCTS_DIR)/TestAccessScoreService.app/TestAccessScoreService";
			};
			name = Release;
		};
		787EB5461F21230D00A2B1BA /* Debug */ = {
			isa = XCBuildConfiguration;
			baseConfigurationReference = 4730EA83A8628ECA1A2B76E7 /* Pods-TestAccessScoreServiceUITests.debug.xcconfig */;
			buildSettings = {
				ALWAYS_EMBED_SWIFT_STANDARD_LIBRARIES = YES;
				INFOPLIST_FILE = TestAccessScoreServiceUITests/Info.plist;
				LD_RUNPATH_SEARCH_PATHS = "$(inherited) @executable_path/Frameworks @loader_path/Frameworks";
				PRODUCT_BUNDLE_IDENTIFIER = com.rainsoft.TestAccessScoreServiceUITests;
				PRODUCT_NAME = "$(TARGET_NAME)";
				SWIFT_VERSION = 3.0;
				TEST_TARGET_NAME = TestAccessScoreService;
			};
			name = Debug;
		};
		787EB5471F21230D00A2B1BA /* Release */ = {
			isa = XCBuildConfiguration;
			baseConfigurationReference = 3B82E882FA1286A30A2ACAFA /* Pods-TestAccessScoreServiceUITests.release.xcconfig */;
			buildSettings = {
				ALWAYS_EMBED_SWIFT_STANDARD_LIBRARIES = YES;
				INFOPLIST_FILE = TestAccessScoreServiceUITests/Info.plist;
				LD_RUNPATH_SEARCH_PATHS = "$(inherited) @executable_path/Frameworks @loader_path/Frameworks";
				PRODUCT_BUNDLE_IDENTIFIER = com.rainsoft.TestAccessScoreServiceUITests;
				PRODUCT_NAME = "$(TARGET_NAME)";
				SWIFT_VERSION = 3.0;
				TEST_TARGET_NAME = TestAccessScoreService;
			};
			name = Release;
		};
/* End XCBuildConfiguration section */

/* Begin XCConfigurationList section */
		787EB5121F21230C00A2B1BA /* Build configuration list for PBXProject "TestAccessScoreService" */ = {
			isa = XCConfigurationList;
			buildConfigurations = (
				787EB53D1F21230D00A2B1BA /* Debug */,
				787EB53E1F21230D00A2B1BA /* Release */,
			);
			defaultConfigurationIsVisible = 0;
			defaultConfigurationName = Release;
		};
		787EB53F1F21230D00A2B1BA /* Build configuration list for PBXNativeTarget "TestAccessScoreService" */ = {
			isa = XCConfigurationList;
			buildConfigurations = (
				787EB5401F21230D00A2B1BA /* Debug */,
				787EB5411F21230D00A2B1BA /* Release */,
			);
			defaultConfigurationIsVisible = 0;
		};
		787EB5421F21230D00A2B1BA /* Build configuration list for PBXNativeTarget "TestAccessScoreServiceTests" */ = {
			isa = XCConfigurationList;
			buildConfigurations = (
				787EB5431F21230D00A2B1BA /* Debug */,
				787EB5441F21230D00A2B1BA /* Release */,
			);
			defaultConfigurationIsVisible = 0;
		};
		787EB5451F21230D00A2B1BA /* Build configuration list for PBXNativeTarget "TestAccessScoreServiceUITests" */ = {
			isa = XCConfigurationList;
			buildConfigurations = (
				787EB5461F21230D00A2B1BA /* Debug */,
				787EB5471F21230D00A2B1BA /* Release */,
			);
			defaultConfigurationIsVisible = 0;
		};
/* End XCConfigurationList section */
	};
	rootObject = 787EB50F1F21230C00A2B1BA /* Project object */;
}
